// !$*UTF8*$!
{
	archiveVersion = 1;
	classes = {
	};
	objectVersion = 50;
	objects = {

/* Begin PBXBuildFile section */
		3DB343D528DA01C4006F6BDA /* AppDelegate.swift in Sources */ = {isa = PBXBuildFile; fileRef = 3DB343D428DA01C4006F6BDA /* AppDelegate.swift */; };
		3DB343D728DA01C4006F6BDA /* ViewController.swift in Sources */ = {isa = PBXBuildFile; fileRef = 3DB343D628DA01C4006F6BDA /* ViewController.swift */; };
		3DB343DA28DA01C4006F6BDA /* Main.storyboard in Resources */ = {isa = PBXBuildFile; fileRef = 3DB343D828DA01C4006F6BDA /* Main.storyboard */; };
		3DB343DC28DA01C6006F6BDA /* Assets.xcassets in Resources */ = {isa = PBXBuildFile; fileRef = 3DB343DB28DA01C6006F6BDA /* Assets.xcassets */; };
		3DB343DF28DA01C6006F6BDA /* LaunchScreen.storyboard in Resources */ = {isa = PBXBuildFile; fileRef = 3DB343DD28DA01C6006F6BDA /* LaunchScreen.storyboard */; };
		3DB343EA28DA01C6006F6BDA /* tableViewTests.swift in Sources */ = {isa = PBXBuildFile; fileRef = 3DB343E928DA01C6006F6BDA /* tableViewTests.swift */; };
		3DB343F528DA01C6006F6BDA /* tableViewUITests.swift in Sources */ = {isa = PBXBuildFile; fileRef = 3DB343F428DA01C6006F6BDA /* tableViewUITests.swift */; };
/* End PBXBuildFile section */

/* Begin PBXContainerItemProxy section */
		3DB343E628DA01C6006F6BDA /* PBXContainerItemProxy */ = {
			isa = PBXContainerItemProxy;
			containerPortal = 3DB343C928DA01C4006F6BDA /* Project object */;
			proxyType = 1;
			remoteGlobalIDString = 3DB343D028DA01C4006F6BDA;
			remoteInfo = tableView;
		};
		3DB343F128DA01C6006F6BDA /* PBXContainerItemProxy */ = {
			isa = PBXContainerItemProxy;
			containerPortal = 3DB343C928DA01C4006F6BDA /* Project object */;
			proxyType = 1;
			remoteGlobalIDString = 3DB343D028DA01C4006F6BDA;
			remoteInfo = tableView;
		};
/* End PBXContainerItemProxy section */

/* Begin PBXFileReference section */
		3DB343D128DA01C4006F6BDA /* tableView.app */ = {isa = PBXFileReference; explicitFileType = wrapper.application; includeInIndex = 0; path = tableView.app; sourceTree = BUILT_PRODUCTS_DIR; };
		3DB343D428DA01C4006F6BDA /* AppDelegate.swift */ = {isa = PBXFileReference; lastKnownFileType = sourcecode.swift; path = AppDelegate.swift; sourceTree = "<group>"; };
		3DB343D628DA01C4006F6BDA /* ViewController.swift */ = {isa = PBXFileReference; lastKnownFileType = sourcecode.swift; path = ViewController.swift; sourceTree = "<group>"; };
		3DB343D928DA01C4006F6BDA /* Base */ = {isa = PBXFileReference; lastKnownFileType = file.storyboard; name = Base; path = Base.lproj/Main.storyboard; sourceTree = "<group>"; };
		3DB343DB28DA01C6006F6BDA /* Assets.xcassets */ = {isa = PBXFileReference; lastKnownFileType = folder.assetcatalog; path = Assets.xcassets; sourceTree = "<group>"; };
		3DB343DE28DA01C6006F6BDA /* Base */ = {isa = PBXFileReference; lastKnownFileType = file.storyboard; name = Base; path = Base.lproj/LaunchScreen.storyboard; sourceTree = "<group>"; };
		3DB343E028DA01C6006F6BDA /* Info.plist */ = {isa = PBXFileReference; lastKnownFileType = text.plist.xml; path = Info.plist; sourceTree = "<group>"; };
		3DB343E528DA01C6006F6BDA /* tableViewTests.xctest */ = {isa = PBXFileReference; explicitFileType = wrapper.cfbundle; includeInIndex = 0; path = tableViewTests.xctest; sourceTree = BUILT_PRODUCTS_DIR; };
		3DB343E928DA01C6006F6BDA /* tableViewTests.swift */ = {isa = PBXFileReference; lastKnownFileType = sourcecode.swift; path = tableViewTests.swift; sourceTree = "<group>"; };
		3DB343EB28DA01C6006F6BDA /* Info.plist */ = {isa = PBXFileReference; lastKnownFileType = text.plist.xml; path = Info.plist; sourceTree = "<group>"; };
		3DB343F028DA01C6006F6BDA /* tableViewUITests.xctest */ = {isa = PBXFileReference; explicitFileType = wrapper.cfbundle; includeInIndex = 0; path = tableViewUITests.xctest; sourceTree = BUILT_PRODUCTS_DIR; };
		3DB343F428DA01C6006F6BDA /* tableViewUITests.swift */ = {isa = PBXFileReference; lastKnownFileType = sourcecode.swift; path = tableViewUITests.swift; sourceTree = "<group>"; };
		3DB343F628DA01C6006F6BDA /* Info.plist */ = {isa = PBXFileReference; lastKnownFileType = text.plist.xml; path = Info.plist; sourceTree = "<group>"; };
/* End PBXFileReference section */

/* Begin PBXFrameworksBuildPhase section */
		3DB343CE28DA01C4006F6BDA /* Frameworks */ = {
			isa = PBXFrameworksBuildPhase;
			buildActionMask = 2147483647;
			files = (
			);
			runOnlyForDeploymentPostprocessing = 0;
		};
		3DB343E228DA01C6006F6BDA /* Frameworks */ = {
			isa = PBXFrameworksBuildPhase;
			buildActionMask = 2147483647;
			files = (
			);
			runOnlyForDeploymentPostprocessing = 0;
		};
		3DB343ED28DA01C6006F6BDA /* Frameworks */ = {
			isa = PBXFrameworksBuildPhase;
			buildActionMask = 2147483647;
			files = (
			);
			runOnlyForDeploymentPostprocessing = 0;
		};
/* End PBXFrameworksBuildPhase section */

/* Begin PBXGroup section */
		3DB343C828DA01C4006F6BDA = {
			isa = PBXGroup;
			children = (
				3DB343D328DA01C4006F6BDA /* tableView */,
				3DB343E828DA01C6006F6BDA /* tableViewTests */,
				3DB343F328DA01C6006F6BDA /* tableViewUITests */,
				3DB343D228DA01C4006F6BDA /* Products */,
			);
			sourceTree = "<group>";
		};
		3DB343D228DA01C4006F6BDA /* Products */ = {
			isa = PBXGroup;
			children = (
				3DB343D128DA01C4006F6BDA /* tableView.app */,
				3DB343E528DA01C6006F6BDA /* tableViewTests.xctest */,
				3DB343F028DA01C6006F6BDA /* tableViewUITests.xctest */,
			);
			name = Products;
			sourceTree = "<group>";
		};
		3DB343D328DA01C4006F6BDA /* tableView */ = {
			isa = PBXGroup;
			children = (
				3DB343D428DA01C4006F6BDA /* AppDelegate.swift */,
				3DB343D628DA01C4006F6BDA /* ViewController.swift */,
				3DB343D828DA01C4006F6BDA /* Main.storyboard */,
				3DB343DB28DA01C6006F6BDA /* Assets.xcassets */,
				3DB343DD28DA01C6006F6BDA /* LaunchScreen.storyboard */,
				3DB343E028DA01C6006F6BDA /* Info.plist */,
			);
			path = tableView;
			sourceTree = "<group>";
		};
		3DB343E828DA01C6006F6BDA /* tableViewTests */ = {
			isa = PBXGroup;
			children = (
				3DB343E928DA01C6006F6BDA /* tableViewTests.swift */,
				3DB343EB28DA01C6006F6BDA /* Info.plist */,
			);
			path = tableViewTests;
			sourceTree = "<group>";
		};
		3DB343F328DA01C6006F6BDA /* tableViewUITests */ = {
			isa = PBXGroup;
			children = (
				3DB343F428DA01C6006F6BDA /* tableViewUITests.swift */,
				3DB343F628DA01C6006F6BDA /* Info.plist */,
			);
			path = tableViewUITests;
			sourceTree = "<group>";
		};
/* End PBXGroup section */

/* Begin PBXNativeTarget section */
		3DB343D028DA01C4006F6BDA /* tableView */ = {
			isa = PBXNativeTarget;
			buildConfigurationList = 3DB343F928DA01C6006F6BDA /* Build configuration list for PBXNativeTarget "tableView" */;
			buildPhases = (
				3DB343CD28DA01C4006F6BDA /* Sources */,
				3DB343CE28DA01C4006F6BDA /* Frameworks */,
				3DB343CF28DA01C4006F6BDA /* Resources */,
			);
			buildRules = (
			);
			dependencies = (
			);
			name = tableView;
			productName = tableView;
			productReference = 3DB343D128DA01C4006F6BDA /* tableView.app */;
			productType = "com.apple.product-type.application";
		};
		3DB343E428DA01C6006F6BDA /* tableViewTests */ = {
			isa = PBXNativeTarget;
			buildConfigurationList = 3DB343FC28DA01C6006F6BDA /* Build configuration list for PBXNativeTarget "tableViewTests" */;
			buildPhases = (
				3DB343E128DA01C6006F6BDA /* Sources */,
				3DB343E228DA01C6006F6BDA /* Frameworks */,
				3DB343E328DA01C6006F6BDA /* Resources */,
			);
			buildRules = (
			);
			dependencies = (
				3DB343E728DA01C6006F6BDA /* PBXTargetDependency */,
			);
			name = tableViewTests;
			productName = tableViewTests;
			productReference = 3DB343E528DA01C6006F6BDA /* tableViewTests.xctest */;
			productType = "com.apple.product-type.bundle.unit-test";
		};
		3DB343EF28DA01C6006F6BDA /* tableViewUITests */ = {
			isa = PBXNativeTarget;
			buildConfigurationList = 3DB343FF28DA01C6006F6BDA /* Build configuration list for PBXNativeTarget "tableViewUITests" */;
			buildPhases = (
				3DB343EC28DA01C6006F6BDA /* Sources */,
				3DB343ED28DA01C6006F6BDA /* Frameworks */,
				3DB343EE28DA01C6006F6BDA /* Resources */,
			);
			buildRules = (
			);
			dependencies = (
				3DB343F228DA01C6006F6BDA /* PBXTargetDependency */,
			);
			name = tableViewUITests;
			productName = tableViewUITests;
			productReference = 3DB343F028DA01C6006F6BDA /* tableViewUITests.xctest */;
			productType = "com.apple.product-type.bundle.ui-testing";
		};
/* End PBXNativeTarget section */

/* Begin PBXProject section */
		3DB343C928DA01C4006F6BDA /* Project object */ = {
			isa = PBXProject;
			attributes = {
				LastSwiftUpdateCheck = 0940;
				LastUpgradeCheck = 0940;
				ORGANIZATIONNAME = ulsa;
				TargetAttributes = {
					3DB343D028DA01C4006F6BDA = {
						CreatedOnToolsVersion = 9.4.1;
					};
					3DB343E428DA01C6006F6BDA = {
						CreatedOnToolsVersion = 9.4.1;
						TestTargetID = 3DB343D028DA01C4006F6BDA;
					};
					3DB343EF28DA01C6006F6BDA = {
						CreatedOnToolsVersion = 9.4.1;
						TestTargetID = 3DB343D028DA01C4006F6BDA;
					};
				};
			};
			buildConfigurationList = 3DB343CC28DA01C4006F6BDA /* Build configuration list for PBXProject "tableView" */;
			compatibilityVersion = "Xcode 9.3";
			developmentRegion = en;
			hasScannedForEncodings = 0;
			knownRegions = (
				en,
				Base,
			);
			mainGroup = 3DB343C828DA01C4006F6BDA;
			productRefGroup = 3DB343D228DA01C4006F6BDA /* Products */;
			projectDirPath = "";
			projectRoot = "";
			targets = (
				3DB343D028DA01C4006F6BDA /* tableView */,
				3DB343E428DA01C6006F6BDA /* tableViewTests */,
				3DB343EF28DA01C6006F6BDA /* tableViewUITests */,
			);
		};
/* End PBXProject section */

/* Begin PBXResourcesBuildPhase section */
		3DB343CF28DA01C4006F6BDA /* Resources */ = {
			isa = PBXResourcesBuildPhase;
			buildActionMask = 2147483647;
			files = (
				3DB343DF28DA01C6006F6BDA /* LaunchScreen.storyboard in Resources */,
				3DB343DC28DA01C6006F6BDA /* Assets.xcassets in Resources */,
				3DB343DA28DA01C4006F6BDA /* Main.storyboard in Resources */,
			);
			runOnlyForDeploymentPostprocessing = 0;
		};
		3DB343E328DA01C6006F6BDA /* Resources */ = {
			isa = PBXResourcesBuildPhase;
			buildActionMask = 2147483647;
			files = (
			);
			runOnlyForDeploymentPostprocessing = 0;
		};
		3DB343EE28DA01C6006F6BDA /* Resources */ = {
			isa = PBXResourcesBuildPhase;
			buildActionMask = 2147483647;
			files = (
			);
			runOnlyForDeploymentPostprocessing = 0;
		};
/* End PBXResourcesBuildPhase section */

/* Begin PBXSourcesBuildPhase section */
		3DB343CD28DA01C4006F6BDA /* Sources */ = {
			isa = PBXSourcesBuildPhase;
			buildActionMask = 2147483647;
			files = (
				3DB343D728DA01C4006F6BDA /* ViewController.swift in Sources */,
				3DB343D528DA01C4006F6BDA /* AppDelegate.swift in Sources */,
			);
			runOnlyForDeploymentPostprocessing = 0;
		};
		3DB343E128DA01C6006F6BDA /* Sources */ = {
			isa = PBXSourcesBuildPhase;
			buildActionMask = 2147483647;
			files = (
				3DB343EA28DA01C6006F6BDA /* tableViewTests.swift in Sources */,
			);
			runOnlyForDeploymentPostprocessing = 0;
		};
		3DB343EC28DA01C6006F6BDA /* Sources */ = {
			isa = PBXSourcesBuildPhase;
			buildActionMask = 2147483647;
			files = (
				3DB343F528DA01C6006F6BDA /* tableViewUITests.swift in Sources */,
			);
			runOnlyForDeploymentPostprocessing = 0;
		};
/* End PBXSourcesBuildPhase section */

/* Begin PBXTargetDependency section */
		3DB343E728DA01C6006F6BDA /* PBXTargetDependency */ = {
			isa = PBXTargetDependency;
			target = 3DB343D028DA01C4006F6BDA /* tableView */;
			targetProxy = 3DB343E628DA01C6006F6BDA /* PBXContainerItemProxy */;
		};
		3DB343F228DA01C6006F6BDA /* PBXTargetDependency */ = {
			isa = PBXTargetDependency;
			target = 3DB343D028DA01C4006F6BDA /* tableView */;
			targetProxy = 3DB343F128DA01C6006F6BDA /* PBXContainerItemProxy */;
		};
/* End PBXTargetDependency section */

/* Begin PBXVariantGroup section */
		3DB343D828DA01C4006F6BDA /* Main.storyboard */ = {
			isa = PBXVariantGroup;
			children = (
				3DB343D928DA01C4006F6BDA /* Base */,
			);
			name = Main.storyboard;
			sourceTree = "<group>";
		};
		3DB343DD28DA01C6006F6BDA /* LaunchScreen.storyboard */ = {
			isa = PBXVariantGroup;
			children = (
				3DB343DE28DA01C6006F6BDA /* Base */,
			);
			name = LaunchScreen.storyboard;
			sourceTree = "<group>";
		};
/* End PBXVariantGroup section */

/* Begin XCBuildConfiguration section */
		3DB343F728DA01C6006F6BDA /* Debug */ = {
			isa = XCBuildConfiguration;
			buildSettings = {
				ALWAYS_SEARCH_USER_PATHS = NO;
				CLANG_ANALYZER_NONNULL = YES;
				CLANG_ANALYZER_NUMBER_OBJECT_CONVERSION = YES_AGGRESSIVE;
				CLANG_CXX_LANGUAGE_STANDARD = "gnu++14";
				CLANG_CXX_LIBRARY = "libc++";
				CLANG_ENABLE_MODULES = YES;
				CLANG_ENABLE_OBJC_ARC = YES;
				CLANG_ENABLE_OBJC_WEAK = YES;
				CLANG_WARN_BLOCK_CAPTURE_AUTORELEASING = YES;
				CLANG_WARN_BOOL_CONVERSION = YES;
				CLANG_WARN_COMMA = YES;
				CLANG_WARN_CONSTANT_CONVERSION = YES;
				CLANG_WARN_DEPRECATED_OBJC_IMPLEMENTATIONS = YES;
				CLANG_WARN_DIRECT_OBJC_ISA_USAGE = YES_ERROR;
				CLANG_WARN_DOCUMENTATION_COMMENTS = YES;
				CLANG_WARN_EMPTY_BODY = YES;
				CLANG_WARN_ENUM_CONVERSION = YES;
				CLANG_WARN_INFINITE_RECURSION = YES;
				CLANG_WARN_INT_CONVERSION = YES;
				CLANG_WARN_NON_LITERAL_NULL_CONVERSION = YES;
				CLANG_WARN_OBJC_IMPLICIT_RETAIN_SELF = YES;
				CLANG_WARN_OBJC_LITERAL_CONVERSION = YES;
				CLANG_WARN_OBJC_ROOT_CLASS = YES_ERROR;
				CLANG_WARN_RANGE_LOOP_ANALYSIS = YES;
				CLANG_WARN_STRICT_PROTOTYPES = YES;
				CLANG_WARN_SUSPICIOUS_MOVE = YES;
				CLANG_WARN_UNGUARDED_AVAILABILITY = YES_AGGRESSIVE;
				CLANG_WARN_UNREACHABLE_CODE = YES;
				CLANG_WARN__DUPLICATE_METHOD_MATCH = YES;
				CODE_SIGN_IDENTITY = "iPhone Developer";
				COPY_PHASE_STRIP = NO;
				DEBUG_INFORMATION_FORMAT = dwarf;
				ENABLE_STRICT_OBJC_MSGSEND = YES;
				ENABLE_TESTABILITY = YES;
				GCC_C_LANGUAGE_STANDARD = gnu11;
				GCC_DYNAMIC_NO_PIC = NO;
				GCC_NO_COMMON_BLOCKS = YES;
				GCC_OPTIMIZATION_LEVEL = 0;
				GCC_PREPROCESSOR_DEFINITIONS = (
					"DEBUG=1",
					"$(inherited)",
				);
				GCC_WARN_64_TO_32_BIT_CONVERSION = YES;
				GCC_WARN_ABOUT_RETURN_TYPE = YES_ERROR;
				GCC_WARN_UNDECLARED_SELECTOR = YES;
				GCC_WARN_UNINITIALIZED_AUTOS = YES_AGGRESSIVE;
				GCC_WARN_UNUSED_FUNCTION = YES;
				GCC_WARN_UNUSED_VARIABLE = YES;
				IPHONEOS_DEPLOYMENT_TARGET = 11.4;
				MTL_ENABLE_DEBUG_INFO = YES;
				ONLY_ACTIVE_ARCH = YES;
				SDKROOT = iphoneos;
				SWIFT_ACTIVE_COMPILATION_CONDITIONS = DEBUG;
				SWIFT_OPTIMIZATION_LEVEL = "-Onone";
			};
			name = Debug;
		};
		3DB343F828DA01C6006F6BDA /* Release */ = {
			isa = XCBuildConfiguration;
			buildSettings = {
				ALWAYS_SEARCH_USER_PATHS = NO;
				CLANG_ANALYZER_NONNULL = YES;
				CLANG_ANALYZER_NUMBER_OBJECT_CONVERSION = YES_AGGRESSIVE;
				CLANG_CXX_LANGUAGE_STANDARD = "gnu++14";
				CLANG_CXX_LIBRARY = "libc++";
				CLANG_ENABLE_MODULES = YES;
				CLANG_ENABLE_OBJC_ARC = YES;
				CLANG_ENABLE_OBJC_WEAK = YES;
				CLANG_WARN_BLOCK_CAPTURE_AUTORELEASING = YES;
				CLANG_WARN_BOOL_CONVERSION = YES;
				CLANG_WARN_COMMA = YES;
				CLANG_WARN_CONSTANT_CONVERSION = YES;
				CLANG_WARN_DEPRECATED_OBJC_IMPLEMENTATIONS = YES;
				CLANG_WARN_DIRECT_OBJC_ISA_USAGE = YES_ERROR;
				CLANG_WARN_DOCUMENTATION_COMMENTS = YES;
				CLANG_WARN_EMPTY_BODY = YES;
				CLANG_WARN_ENUM_CONVERSION = YES;
				CLANG_WARN_INFINITE_RECURSION = YES;
				CLANG_WARN_INT_CONVERSION = YES;
				CLANG_WARN_NON_LITERAL_NULL_CONVERSION = YES;
				CLANG_WARN_OBJC_IMPLICIT_RETAIN_SELF = YES;
				CLANG_WARN_OBJC_LITERAL_CONVERSION = YES;
				CLANG_WARN_OBJC_ROOT_CLASS = YES_ERROR;
				CLANG_WARN_RANGE_LOOP_ANALYSIS = YES;
				CLANG_WARN_STRICT_PROTOTYPES = YES;
				CLANG_WARN_SUSPICIOUS_MOVE = YES;
				CLANG_WARN_UNGUARDED_AVAILABILITY = YES_AGGRESSIVE;
				CLANG_WARN_UNREACHABLE_CODE = YES;
				CLANG_WARN__DUPLICATE_METHOD_MATCH = YES;
				CODE_SIGN_IDENTITY = "iPhone Developer";
				COPY_PHASE_STRIP = NO;
				DEBUG_INFORMATION_FORMAT = "dwarf-with-dsym";
				ENABLE_NS_ASSERTIONS = NO;
				ENABLE_STRICT_OBJC_MSGSEND = YES;
				GCC_C_LANGUAGE_STANDARD = gnu11;
				GCC_NO_COMMON_BLOCKS = YES;
				GCC_WARN_64_TO_32_BIT_CONVERSION = YES;
				GCC_WARN_ABOUT_RETURN_TYPE = YES_ERROR;
				GCC_WARN_UNDECLARED_SELECTOR = YES;
				GCC_WARN_UNINITIALIZED_AUTOS = YES_AGGRESSIVE;
				GCC_WARN_UNUSED_FUNCTION = YES;
				GCC_WARN_UNUSED_VARIABLE = YES;
				IPHONEOS_DEPLOYMENT_TARGET = 11.4;
				MTL_ENABLE_DEBUG_INFO = NO;
				SDKROOT = iphoneos;
				SWIFT_COMPILATION_MODE = wholemodule;
				SWIFT_OPTIMIZATION_LEVEL = "-O";
				VALIDATE_PRODUCT = YES;
			};
			name = Release;
		};
		3DB343FA28DA01C6006F6BDA /* Debug */ = {
			isa = XCBuildConfiguration;
			buildSettings = {
				ASSETCATALOG_COMPILER_APPICON_NAME = AppIcon;
				CODE_SIGN_STYLE = Automatic;
				INFOPLIST_FILE = tableView/Info.plist;
				LD_RUNPATH_SEARCH_PATHS = (
					"$(inherited)",
					"@executable_path/Frameworks",
				);
				PRODUCT_BUNDLE_IDENTIFIER = edu.ulsa.tableView;
				PRODUCT_NAME = "$(TARGET_NAME)";
				SWIFT_VERSION = 4.0;
				TARGETED_DEVICE_FAMILY = "1,2";
			};
			name = Debug;
		};
		3DB343FB28DA01C6006F6BDA /* Release */ = {
			isa = XCBuildConfiguration;
			buildSettings = {
				ASSETCATALOG_COMPILER_APPICON_NAME = AppIcon;
				CODE_SIGN_STYLE = Automatic;
				INFOPLIST_FILE = tableView/Info.plist;
				LD_RUNPATH_SEARCH_PATHS = (
					"$(inherited)",
					"@executable_path/Frameworks",
				);
				PRODUCT_BUNDLE_IDENTIFIER = edu.ulsa.tableView;
				PRODUCT_NAME = "$(TARGET_NAME)";
				SWIFT_VERSION = 4.0;
				TARGETED_DEVICE_FAMILY = "1,2";
			};
			name = Release;
		};
		3DB343FD28DA01C6006F6BDA /* Debug */ = {
			isa = XCBuildConfiguration;
			buildSettings = {
				ALWAYS_EMBED_SWIFT_STANDARD_LIBRARIES = YES;
				BUNDLE_LOADER = "$(TEST_HOST)";
				CODE_SIGN_STYLE = Automatic;
				INFOPLIST_FILE = tableViewTests/Info.plist;
				LD_RUNPATH_SEARCH_PATHS = (
					"$(inherited)",
					"@executable_path/Frameworks",
					"@loader_path/Frameworks",
				);
				PRODUCT_BUNDLE_IDENTIFIER = edu.ulsa.tableViewTests;
				PRODUCT_NAME = "$(TARGET_NAME)";
				SWIFT_VERSION = 4.0;
				TARGETED_DEVICE_FAMILY = "1,2";
				TEST_HOST = "$(BUILT_PRODUCTS_DIR)/tableView.app/tableView";
			};
			name = Debug;
		};
		3DB343FE28DA01C6006F6BDA /* Release */ = {
			isa = XCBuildConfiguration;
			buildSettings = {
				ALWAYS_EMBED_SWIFT_STANDARD_LIBRARIES = YES;
				BUNDLE_LOADER = "$(TEST_HOST)";
				CODE_SIGN_STYLE = Automatic;
				INFOPLIST_FILE = tableViewTests/Info.plist;
				LD_RUNPATH_SEARCH_PATHS = (
					"$(inherited)",
					"@executable_path/Frameworks",
					"@loader_path/Frameworks",
				);
				PRODUCT_BUNDLE_IDENTIFIER = edu.ulsa.tableViewTests;
				PRODUCT_NAME = "$(TARGET_NAME)";
				SWIFT_VERSION = 4.0;
				TARGETED_DEVICE_FAMILY = "1,2";
				TEST_HOST = "$(BUILT_PRODUCTS_DIR)/tableView.app/tableView";
			};
			name = Release;
		};
		3DB3440028DA01C6006F6BDA /* Debug */ = {
			isa = XCBuildConfiguration;
			buildSettings = {
				ALWAYS_EMBED_SWIFT_STANDARD_LIBRARIES = YES;
				CODE_SIGN_STYLE = Automatic;
				INFOPLIST_FILE = tableViewUITests/Info.plist;
				LD_RUNPATH_SEARCH_PATHS = (
					"$(inherited)",
					"@executable_path/Frameworks",
					"@loader_path/Frameworks",
				);
				PRODUCT_BUNDLE_IDENTIFIER = edu.ulsa.tableViewUITests;
				PRODUCT_NAME = "$(TARGET_NAME)";
				SWIFT_VERSION = 4.0;
				TARGETED_DEVICE_FAMILY = "1,2";
				TEST_TARGET_NAME = tableView;
			};
			name = Debug;
		};
		3DB3440128DA01C6006F6BDA /* Release */ = {
			isa = XCBuildConfiguration;
			buildSettings = {
				ALWAYS_EMBED_SWIFT_STANDARD_LIBRARIES = YES;
				CODE_SIGN_STYLE = Automatic;
				INFOPLIST_FILE = tableViewUITests/Info.plist;
				LD_RUNPATH_SEARCH_PATHS = (
					"$(inherited)",
					"@executable_path/Frameworks",
					"@loader_path/Frameworks",
				);
				PRODUCT_BUNDLE_IDENTIFIER = edu.ulsa.tableViewUITests;
				PRODUCT_NAME = "$(TARGET_NAME)";
				SWIFT_VERSION = 4.0;
				TARGETED_DEVICE_FAMILY = "1,2";
				TEST_TARGET_NAME = tableView;
			};
			name = Release;
		};
/* End XCBuildConfiguration section */

/* Begin XCConfigurationList section */
		3DB343CC28DA01C4006F6BDA /* Build configuration list for PBXProject "tableView" */ = {
			isa = XCConfigurationList;
			buildConfigurations = (
				3DB343F728DA01C6006F6BDA /* Debug */,
				3DB343F828DA01C6006F6BDA /* Release */,
			);
			defaultConfigurationIsVisible = 0;
			defaultConfigurationName = Release;
		};
		3DB343F928DA01C6006F6BDA /* Build configuration list for PBXNativeTarget "tableView" */ = {
			isa = XCConfigurationList;
			buildConfigurations = (
				3DB343FA28DA01C6006F6BDA /* Debug */,
				3DB343FB28DA01C6006F6BDA /* Release */,
			);
			defaultConfigurationIsVisible = 0;
			defaultConfigurationName = Release;
		};
		3DB343FC28DA01C6006F6BDA /* Build configuration list for PBXNativeTarget "tableViewTests" */ = {
			isa = XCConfigurationList;
			buildConfigurations = (
				3DB343FD28DA01C6006F6BDA /* Debug */,
				3DB343FE28DA01C6006F6BDA /* Release */,
			);
			defaultConfigurationIsVisible = 0;
			defaultConfigurationName = Release;
		};
		3DB343FF28DA01C6006F6BDA /* Build configuration list for PBXNativeTarget "tableViewUITests" */ = {
			isa = XCConfigurationList;
			buildConfigurations = (
				3DB3440028DA01C6006F6BDA /* Debug */,
				3DB3440128DA01C6006F6BDA /* Release */,
			);
			defaultConfigurationIsVisible = 0;
			defaultConfigurationName = Release;
		};
/* End XCConfigurationList section */
	};
	rootObject = 3DB343C928DA01C4006F6BDA /* Project object */;
}
